
Microsoft Visual Studio Solution File, Format Version 12.00
# Visual Studio Version 17
VisualStudioVersion = 17.4.33213.308
MinimumVisualStudioVersion = 10.0.40219.1
Project("{FAE04EC0-301F-11D3-BF4B-00C04F79EFBC}") = "NestedIfStatements", "NestedIfStatements\NestedIfStatements.csproj", "{42933932-7D2A-4275-AD25-4D06C2245932}"
EndProject
Global
	GlobalSection(SolutionConfigurationPlatforms) = preSolution
		Debug|Any CPU = Debug|Any CPU
		Release|Any CPU = Release|Any CPU
	EndGlobalSection
	GlobalSection(ProjectConfigurationPlatforms) = postSolution
		{42933932-7D2A-4275-AD25-4D06C2245932}.Debug|Any CPU.ActiveCfg = Debug|Any CPU
		{42933932-7D2A-4275-AD25-4D06C2245932}.Debug|Any CPU.Build.0 = Debug|Any CPU
		{42933932-7D2A-4275-AD25-4D06C2245932}.Release|Any CPU.ActiveCfg = Release|Any CPU
		{42933932-7D2A-4275-AD25-4D06C2245932}.Release|Any CPU.Build.0 = Release|Any CPU
	EndGlobalSection
	GlobalSection(SolutionProperties) = preSolution
		HideSolutionNode = FALSE
	EndGlobalSection
	GlobalSection(ExtensibilityGlobals) = postSolution
		SolutionGuid = {2A7EF2E1-EC44-43CC-A327-AB375E88BC96}
	EndGlobalSection
EndGlobal
